// !$*UTF8*$!
{
	archiveVersion = 1;
	classes = {
	};
	objectVersion = 46;
	objects = {

/* Begin PBXBuildFile section */
		0189A0C319AA5A6B001FE885 /* SPSongStateManager.m in Sources */ = {isa = PBXBuildFile; fileRef = 0189A0C219AA5A6B001FE885 /* SPSongStateManager.m */; };
		01B2382B19A7778B00A5DE72 /* Foundation.framework in Frameworks */ = {isa = PBXBuildFile; fileRef = 01B2382A19A7778B00A5DE72 /* Foundation.framework */; };
		01B2382D19A7778B00A5DE72 /* CoreGraphics.framework in Frameworks */ = {isa = PBXBuildFile; fileRef = 01B2382C19A7778B00A5DE72 /* CoreGraphics.framework */; };
		01B2382F19A7778B00A5DE72 /* UIKit.framework in Frameworks */ = {isa = PBXBuildFile; fileRef = 01B2382E19A7778B00A5DE72 /* UIKit.framework */; };
		01B2383519A7778B00A5DE72 /* InfoPlist.strings in Resources */ = {isa = PBXBuildFile; fileRef = 01B2383319A7778B00A5DE72 /* InfoPlist.strings */; };
		01B2383719A7778B00A5DE72 /* main.m in Sources */ = {isa = PBXBuildFile; fileRef = 01B2383619A7778B00A5DE72 /* main.m */; };
		01B2383B19A7778B00A5DE72 /* SPAppDelegate.m in Sources */ = {isa = PBXBuildFile; fileRef = 01B2383A19A7778B00A5DE72 /* SPAppDelegate.m */; };
		01B2383D19A7778C00A5DE72 /* Images.xcassets in Resources */ = {isa = PBXBuildFile; fileRef = 01B2383C19A7778C00A5DE72 /* Images.xcassets */; };
		01B2384419A7778C00A5DE72 /* XCTest.framework in Frameworks */ = {isa = PBXBuildFile; fileRef = 01B2384319A7778C00A5DE72 /* XCTest.framework */; };
		01B2384519A7778C00A5DE72 /* Foundation.framework in Frameworks */ = {isa = PBXBuildFile; fileRef = 01B2382A19A7778B00A5DE72 /* Foundation.framework */; };
		01B2384619A7778C00A5DE72 /* UIKit.framework in Frameworks */ = {isa = PBXBuildFile; fileRef = 01B2382E19A7778B00A5DE72 /* UIKit.framework */; };
		01DB8C9C19A779A60018C027 /* InfoPlist.strings in Resources */ = {isa = PBXBuildFile; fileRef = 01DB8C9819A779A50018C027 /* InfoPlist.strings */; };
		01DB8C9D19A779A60018C027 /* Sleek PlayTests-Info.plist in Resources */ = {isa = PBXBuildFile; fileRef = 01DB8C9A19A779A50018C027 /* Sleek PlayTests-Info.plist */; };
		01DB8CA119A77A5B0018C027 /* SPMusicPlayerController.m in Sources */ = {isa = PBXBuildFile; fileRef = 01DB8CA019A77A5B0018C027 /* SPMusicPlayerController.m */; };
		01DB8CA319A77CFC0018C027 /* MediaPlayer.framework in Frameworks */ = {isa = PBXBuildFile; fileRef = 01DB8CA219A77CFC0018C027 /* MediaPlayer.framework */; };
		01DB8CA919A7800B0018C027 /* SPSongDataView.m in Sources */ = {isa = PBXBuildFile; fileRef = 01DB8CA819A7800B0018C027 /* SPSongDataView.m */; };
		01DB8CAC19A782210018C027 /* SPSongControlsView.m in Sources */ = {isa = PBXBuildFile; fileRef = 01DB8CAB19A782210018C027 /* SPSongControlsView.m */; };
		01DB8CAF19A7B73E0018C027 /* SPCircularControlsView.m in Sources */ = {isa = PBXBuildFile; fileRef = 01DB8CAE19A7B73E0018C027 /* SPCircularControlsView.m */; };
/* End PBXBuildFile section */

/* Begin PBXContainerItemProxy section */
		01B2384719A7778C00A5DE72 /* PBXContainerItemProxy */ = {
			isa = PBXContainerItemProxy;
			containerPortal = 01B2381F19A7778B00A5DE72 /* Project object */;
			proxyType = 1;
			remoteGlobalIDString = 01B2382619A7778B00A5DE72;
			remoteInfo = "Sleek Play";
		};
/* End PBXContainerItemProxy section */

/* Begin PBXFileReference section */
		0189A0C119AA5A6B001FE885 /* SPSongStateManager.h */ = {isa = PBXFileReference; fileEncoding = 4; lastKnownFileType = sourcecode.c.h; path = SPSongStateManager.h; sourceTree = "<group>"; };
		0189A0C219AA5A6B001FE885 /* SPSongStateManager.m */ = {isa = PBXFileReference; fileEncoding = 4; lastKnownFileType = sourcecode.c.objc; path = SPSongStateManager.m; sourceTree = "<group>"; };
		01B2382719A7778B00A5DE72 /* Sleek Play.app */ = {isa = PBXFileReference; explicitFileType = wrapper.application; includeInIndex = 0; path = "Sleek Play.app"; sourceTree = BUILT_PRODUCTS_DIR; };
		01B2382A19A7778B00A5DE72 /* Foundation.framework */ = {isa = PBXFileReference; lastKnownFileType = wrapper.framework; name = Foundation.framework; path = System/Library/Frameworks/Foundation.framework; sourceTree = SDKROOT; };
		01B2382C19A7778B00A5DE72 /* CoreGraphics.framework */ = {isa = PBXFileReference; lastKnownFileType = wrapper.framework; name = CoreGraphics.framework; path = System/Library/Frameworks/CoreGraphics.framework; sourceTree = SDKROOT; };
		01B2382E19A7778B00A5DE72 /* UIKit.framework */ = {isa = PBXFileReference; lastKnownFileType = wrapper.framework; name = UIKit.framework; path = System/Library/Frameworks/UIKit.framework; sourceTree = SDKROOT; };
		01B2383219A7778B00A5DE72 /* Sleek Play-Info.plist */ = {isa = PBXFileReference; lastKnownFileType = text.plist.xml; path = "Sleek Play-Info.plist"; sourceTree = "<group>"; };
		01B2383419A7778B00A5DE72 /* en */ = {isa = PBXFileReference; lastKnownFileType = text.plist.strings; name = en; path = en.lproj/InfoPlist.strings; sourceTree = "<group>"; };
		01B2383619A7778B00A5DE72 /* main.m */ = {isa = PBXFileReference; lastKnownFileType = sourcecode.c.objc; path = main.m; sourceTree = "<group>"; };
		01B2383819A7778B00A5DE72 /* Sleek Play-Prefix.pch */ = {isa = PBXFileReference; lastKnownFileType = sourcecode.c.h; path = "Sleek Play-Prefix.pch"; sourceTree = "<group>"; };
		01B2383919A7778B00A5DE72 /* SPAppDelegate.h */ = {isa = PBXFileReference; lastKnownFileType = sourcecode.c.h; path = SPAppDelegate.h; sourceTree = "<group>"; };
		01B2383A19A7778B00A5DE72 /* SPAppDelegate.m */ = {isa = PBXFileReference; lastKnownFileType = sourcecode.c.objc; path = SPAppDelegate.m; sourceTree = "<group>"; };
		01B2383C19A7778C00A5DE72 /* Images.xcassets */ = {isa = PBXFileReference; lastKnownFileType = folder.assetcatalog; path = Images.xcassets; sourceTree = "<group>"; };
		01B2384219A7778C00A5DE72 /* Sleek PlayTests.xctest */ = {isa = PBXFileReference; explicitFileType = wrapper.cfbundle; includeInIndex = 0; path = "Sleek PlayTests.xctest"; sourceTree = BUILT_PRODUCTS_DIR; };
		01B2384319A7778C00A5DE72 /* XCTest.framework */ = {isa = PBXFileReference; lastKnownFileType = wrapper.framework; name = XCTest.framework; path = Library/Frameworks/XCTest.framework; sourceTree = DEVELOPER_DIR; };
		01DB8C9919A779A50018C027 /* en */ = {isa = PBXFileReference; lastKnownFileType = text.plist.strings; name = en; path = en.lproj/InfoPlist.strings; sourceTree = "<group>"; };
		01DB8C9A19A779A50018C027 /* Sleek PlayTests-Info.plist */ = {isa = PBXFileReference; fileEncoding = 4; lastKnownFileType = text.plist.xml; path = "Sleek PlayTests-Info.plist"; sourceTree = "<group>"; };
		01DB8C9F19A77A5B0018C027 /* SPMusicPlayerController.h */ = {isa = PBXFileReference; fileEncoding = 4; lastKnownFileType = sourcecode.c.h; path = SPMusicPlayerController.h; sourceTree = "<group>"; };
		01DB8CA019A77A5B0018C027 /* SPMusicPlayerController.m */ = {isa = PBXFileReference; fileEncoding = 4; lastKnownFileType = sourcecode.c.objc; path = SPMusicPlayerController.m; sourceTree = "<group>"; };
		01DB8CA219A77CFC0018C027 /* MediaPlayer.framework */ = {isa = PBXFileReference; lastKnownFileType = wrapper.framework; name = MediaPlayer.framework; path = System/Library/Frameworks/MediaPlayer.framework; sourceTree = SDKROOT; };
		01DB8CA519A77DD10018C027 /* SPStyleSheet.h */ = {isa = PBXFileReference; lastKnownFileType = sourcecode.c.h; path = SPStyleSheet.h; sourceTree = "<group>"; };
		01DB8CA619A77E0C0018C027 /* UIColor+SPStyleSheet.h */ = {isa = PBXFileReference; lastKnownFileType = sourcecode.c.h; path = "UIColor+SPStyleSheet.h"; sourceTree = "<group>"; };
		01DB8CA719A7800B0018C027 /* SPSongDataView.h */ = {isa = PBXFileReference; fileEncoding = 4; lastKnownFileType = sourcecode.c.h; path = SPSongDataView.h; sourceTree = "<group>"; };
		01DB8CA819A7800B0018C027 /* SPSongDataView.m */ = {isa = PBXFileReference; fileEncoding = 4; lastKnownFileType = sourcecode.c.objc; path = SPSongDataView.m; sourceTree = "<group>"; };
		01DB8CAA19A782210018C027 /* SPSongControlsView.h */ = {isa = PBXFileReference; fileEncoding = 4; lastKnownFileType = sourcecode.c.h; path = SPSongControlsView.h; sourceTree = "<group>"; };
		01DB8CAB19A782210018C027 /* SPSongControlsView.m */ = {isa = PBXFileReference; fileEncoding = 4; lastKnownFileType = sourcecode.c.objc; path = SPSongControlsView.m; sourceTree = "<group>"; };
		01DB8CAD19A7B73E0018C027 /* SPCircularControlsView.h */ = {isa = PBXFileReference; fileEncoding = 4; lastKnownFileType = sourcecode.c.h; path = SPCircularControlsView.h; sourceTree = "<group>"; };
		01DB8CAE19A7B73E0018C027 /* SPCircularControlsView.m */ = {isa = PBXFileReference; fileEncoding = 4; lastKnownFileType = sourcecode.c.objc; path = SPCircularControlsView.m; sourceTree = "<group>"; };
/* End PBXFileReference section */

/* Begin PBXFrameworksBuildPhase section */
		01B2382419A7778B00A5DE72 /* Frameworks */ = {
			isa = PBXFrameworksBuildPhase;
			buildActionMask = 2147483647;
			files = (
				01DB8CA319A77CFC0018C027 /* MediaPlayer.framework in Frameworks */,
				01B2382D19A7778B00A5DE72 /* CoreGraphics.framework in Frameworks */,
				01B2382F19A7778B00A5DE72 /* UIKit.framework in Frameworks */,
				01B2382B19A7778B00A5DE72 /* Foundation.framework in Frameworks */,
			);
			runOnlyForDeploymentPostprocessing = 0;
		};
		01B2383F19A7778C00A5DE72 /* Frameworks */ = {
			isa = PBXFrameworksBuildPhase;
			buildActionMask = 2147483647;
			files = (
				01B2384419A7778C00A5DE72 /* XCTest.framework in Frameworks */,
				01B2384619A7778C00A5DE72 /* UIKit.framework in Frameworks */,
				01B2384519A7778C00A5DE72 /* Foundation.framework in Frameworks */,
			);
			runOnlyForDeploymentPostprocessing = 0;
		};
/* End PBXFrameworksBuildPhase section */

/* Begin PBXGroup section */
		01B2381E19A7778B00A5DE72 = {
			isa = PBXGroup;
			children = (
				01B2383019A7778B00A5DE72 /* Sleek Play */,
				01DB8C9519A779A50018C027 /* Sleek PlayTests */,
				01B2382919A7778B00A5DE72 /* Frameworks */,
				01B2382819A7778B00A5DE72 /* Products */,
			);
			sourceTree = "<group>";
		};
		01B2382819A7778B00A5DE72 /* Products */ = {
			isa = PBXGroup;
			children = (
				01B2382719A7778B00A5DE72 /* Sleek Play.app */,
				01B2384219A7778C00A5DE72 /* Sleek PlayTests.xctest */,
			);
			name = Products;
			sourceTree = "<group>";
		};
		01B2382919A7778B00A5DE72 /* Frameworks */ = {
			isa = PBXGroup;
			children = (
				01DB8CA219A77CFC0018C027 /* MediaPlayer.framework */,
				01B2382A19A7778B00A5DE72 /* Foundation.framework */,
				01B2382C19A7778B00A5DE72 /* CoreGraphics.framework */,
				01B2382E19A7778B00A5DE72 /* UIKit.framework */,
				01B2384319A7778C00A5DE72 /* XCTest.framework */,
			);
			name = Frameworks;
			sourceTree = "<group>";
		};
		01B2383019A7778B00A5DE72 /* Sleek Play */ = {
			isa = PBXGroup;
			children = (
				01DB8C9E19A77A070018C027 /* Views */,
				01CA730F19A7786E00572B45 /* Application */,
				01CA731019A7787800572B45 /* Data */,
				01CA731119A7788200572B45 /* Resources */,
				01CA731319A7789200572B45 /* View Controllers */,
				01B2383119A7778B00A5DE72 /* Supporting Files */,
			);
			path = "Sleek Play";
			sourceTree = "<group>";
		};
		01B2383119A7778B00A5DE72 /* Supporting Files */ = {
			isa = PBXGroup;
			children = (
				01B2383219A7778B00A5DE72 /* Sleek Play-Info.plist */,
				01B2383319A7778B00A5DE72 /* InfoPlist.strings */,
				01B2383619A7778B00A5DE72 /* main.m */,
				01B2383819A7778B00A5DE72 /* Sleek Play-Prefix.pch */,
			);
			path = "Supporting Files";
			sourceTree = "<group>";
		};
		01CA730F19A7786E00572B45 /* Application */ = {
			isa = PBXGroup;
			children = (
				01DB8CA419A77D840018C027 /* Appearance */,
				01B2383919A7778B00A5DE72 /* SPAppDelegate.h */,
				01B2383A19A7778B00A5DE72 /* SPAppDelegate.m */,
			);
			path = Application;
			sourceTree = "<group>";
		};
		01CA731019A7787800572B45 /* Data */ = {
			isa = PBXGroup;
			children = (
				0189A0C119AA5A6B001FE885 /* SPSongStateManager.h */,
				0189A0C219AA5A6B001FE885 /* SPSongStateManager.m */,
			);
			path = Data;
			sourceTree = "<group>";
		};
		01CA731119A7788200572B45 /* Resources */ = {
			isa = PBXGroup;
			children = (
				01B2383C19A7778C00A5DE72 /* Images.xcassets */,
			);
			path = Resources;
			sourceTree = "<group>";
		};
		01CA731319A7789200572B45 /* View Controllers */ = {
			isa = PBXGroup;
			children = (
				01DB8C9F19A77A5B0018C027 /* SPMusicPlayerController.h */,
				01DB8CA019A77A5B0018C027 /* SPMusicPlayerController.m */,
			);
			path = "View Controllers";
			sourceTree = "<group>";
		};
		01DB8C9519A779A50018C027 /* Sleek PlayTests */ = {
			isa = PBXGroup;
			children = (
				01DB8C9719A779A50018C027 /* Supporting Files */,
			);
			name = "Sleek PlayTests";
			path = "Sleek Play/Sleek PlayTests";
			sourceTree = "<group>";
		};
		01DB8C9719A779A50018C027 /* Supporting Files */ = {
			isa = PBXGroup;
			children = (
				01DB8C9819A779A50018C027 /* InfoPlist.strings */,
				01DB8C9A19A779A50018C027 /* Sleek PlayTests-Info.plist */,
			);
			path = "Supporting Files";
			sourceTree = "<group>";
		};
		01DB8C9E19A77A070018C027 /* Views */ = {
			isa = PBXGroup;
			children = (
				01DB8CA719A7800B0018C027 /* SPSongDataView.h */,
				01DB8CA819A7800B0018C027 /* SPSongDataView.m */,
				01DB8CAA19A782210018C027 /* SPSongControlsView.h */,
				01DB8CAB19A782210018C027 /* SPSongControlsView.m */,
				01DB8CAD19A7B73E0018C027 /* SPCircularControlsView.h */,
				01DB8CAE19A7B73E0018C027 /* SPCircularControlsView.m */,
			);
			name = Views;
			sourceTree = "<group>";
		};
		01DB8CA419A77D840018C027 /* Appearance */ = {
			isa = PBXGroup;
			children = (
				01DB8CA519A77DD10018C027 /* SPStyleSheet.h */,
				01DB8CA619A77E0C0018C027 /* UIColor+SPStyleSheet.h */,
			);
			name = Appearance;
			sourceTree = "<group>";
		};
/* End PBXGroup section */

/* Begin PBXNativeTarget section */
		01B2382619A7778B00A5DE72 /* Sleek Play */ = {
			isa = PBXNativeTarget;
			buildConfigurationList = 01B2385319A7778C00A5DE72 /* Build configuration list for PBXNativeTarget "Sleek Play" */;
			buildPhases = (
				01B2382319A7778B00A5DE72 /* Sources */,
				01B2382419A7778B00A5DE72 /* Frameworks */,
				01B2382519A7778B00A5DE72 /* Resources */,
			);
			buildRules = (
			);
			dependencies = (
			);
			name = "Sleek Play";
			productName = "Sleek Play";
			productReference = 01B2382719A7778B00A5DE72 /* Sleek Play.app */;
			productType = "com.apple.product-type.application";
		};
		01B2384119A7778C00A5DE72 /* Sleek PlayTests */ = {
			isa = PBXNativeTarget;
			buildConfigurationList = 01B2385619A7778C00A5DE72 /* Build configuration list for PBXNativeTarget "Sleek PlayTests" */;
			buildPhases = (
				01B2383E19A7778C00A5DE72 /* Sources */,
				01B2383F19A7778C00A5DE72 /* Frameworks */,
				01B2384019A7778C00A5DE72 /* Resources */,
			);
			buildRules = (
			);
			dependencies = (
				01B2384819A7778C00A5DE72 /* PBXTargetDependency */,
			);
			name = "Sleek PlayTests";
			productName = "Sleek PlayTests";
			productReference = 01B2384219A7778C00A5DE72 /* Sleek PlayTests.xctest */;
			productType = "com.apple.product-type.bundle.unit-test";
		};
/* End PBXNativeTarget section */

/* Begin PBXProject section */
		01B2381F19A7778B00A5DE72 /* Project object */ = {
			isa = PBXProject;
			attributes = {
				CLASSPREFIX = SP;
				LastUpgradeCheck = 0510;
				ORGANIZATIONNAME = CLA;
				TargetAttributes = {
					01B2384119A7778C00A5DE72 = {
						TestTargetID = 01B2382619A7778B00A5DE72;
					};
				};
			};
			buildConfigurationList = 01B2382219A7778B00A5DE72 /* Build configuration list for PBXProject "Sleek Play" */;
			compatibilityVersion = "Xcode 3.2";
			developmentRegion = English;
			hasScannedForEncodings = 0;
			knownRegions = (
				en,
			);
			mainGroup = 01B2381E19A7778B00A5DE72;
			productRefGroup = 01B2382819A7778B00A5DE72 /* Products */;
			projectDirPath = "";
			projectRoot = "";
			targets = (
				01B2382619A7778B00A5DE72 /* Sleek Play */,
				01B2384119A7778C00A5DE72 /* Sleek PlayTests */,
			);
		};
/* End PBXProject section */

/* Begin PBXResourcesBuildPhase section */
		01B2382519A7778B00A5DE72 /* Resources */ = {
			isa = PBXResourcesBuildPhase;
			buildActionMask = 2147483647;
			files = (
				01B2383519A7778B00A5DE72 /* InfoPlist.strings in Resources */,
				01DB8C9C19A779A60018C027 /* InfoPlist.strings in Resources */,
				01DB8C9D19A779A60018C027 /* Sleek PlayTests-Info.plist in Resources */,
				01B2383D19A7778C00A5DE72 /* Images.xcassets in Resources */,
			);
			runOnlyForDeploymentPostprocessing = 0;
		};
		01B2384019A7778C00A5DE72 /* Resources */ = {
			isa = PBXResourcesBuildPhase;
			buildActionMask = 2147483647;
			files = (
			);
			runOnlyForDeploymentPostprocessing = 0;
		};
/* End PBXResourcesBuildPhase section */

/* Begin PBXSourcesBuildPhase section */
		01B2382319A7778B00A5DE72 /* Sources */ = {
			isa = PBXSourcesBuildPhase;
			buildActionMask = 2147483647;
			files = (
				01DB8CA119A77A5B0018C027 /* SPMusicPlayerController.m in Sources */,
				01B2383719A7778B00A5DE72 /* main.m in Sources */,
				01DB8CAF19A7B73E0018C027 /* SPCircularControlsView.m in Sources */,
				0189A0C319AA5A6B001FE885 /* SPSongStateManager.m in Sources */,
				01DB8CA919A7800B0018C027 /* SPSongDataView.m in Sources */,
				01B2383B19A7778B00A5DE72 /* SPAppDelegate.m in Sources */,
				01DB8CAC19A782210018C027 /* SPSongControlsView.m in Sources */,
			);
			runOnlyForDeploymentPostprocessing = 0;
		};
		01B2383E19A7778C00A5DE72 /* Sources */ = {
			isa = PBXSourcesBuildPhase;
			buildActionMask = 2147483647;
			files = (
			);
			runOnlyForDeploymentPostprocessing = 0;
		};
/* End PBXSourcesBuildPhase section */

/* Begin PBXTargetDependency section */
		01B2384819A7778C00A5DE72 /* PBXTargetDependency */ = {
			isa = PBXTargetDependency;
			target = 01B2382619A7778B00A5DE72 /* Sleek Play */;
			targetProxy = 01B2384719A7778C00A5DE72 /* PBXContainerItemProxy */;
		};
/* End PBXTargetDependency section */

/* Begin PBXVariantGroup section */
		01B2383319A7778B00A5DE72 /* InfoPlist.strings */ = {
			isa = PBXVariantGroup;
			children = (
				01B2383419A7778B00A5DE72 /* en */,
			);
			name = InfoPlist.strings;
			sourceTree = "<group>";
		};
		01DB8C9819A779A50018C027 /* InfoPlist.strings */ = {
			isa = PBXVariantGroup;
			children = (
				01DB8C9919A779A50018C027 /* en */,
			);
			name = InfoPlist.strings;
			sourceTree = "<group>";
		};
/* End PBXVariantGroup section */

/* Begin XCBuildConfiguration section */
		01B2385119A7778C00A5DE72 /* Debug */ = {
			isa = XCBuildConfiguration;
			buildSettings = {
				ALWAYS_SEARCH_USER_PATHS = NO;
				CLANG_CXX_LANGUAGE_STANDARD = "gnu++0x";
				CLANG_CXX_LIBRARY = "libc++";
				CLANG_ENABLE_MODULES = YES;
				CLANG_ENABLE_OBJC_ARC = YES;
				CLANG_WARN_BOOL_CONVERSION = YES;
				CLANG_WARN_CONSTANT_CONVERSION = YES;
				CLANG_WARN_DIRECT_OBJC_ISA_USAGE = YES_ERROR;
				CLANG_WARN_EMPTY_BODY = YES;
				CLANG_WARN_ENUM_CONVERSION = YES;
				CLANG_WARN_INT_CONVERSION = YES;
				CLANG_WARN_OBJC_ROOT_CLASS = YES_ERROR;
				CLANG_WARN__DUPLICATE_METHOD_MATCH = YES;
				"CODE_SIGN_IDENTITY[sdk=iphoneos*]" = "iPhone Developer";
				COPY_PHASE_STRIP = NO;
				GCC_C_LANGUAGE_STANDARD = gnu99;
				GCC_DYNAMIC_NO_PIC = NO;
				GCC_OPTIMIZATION_LEVEL = 0;
				GCC_PREPROCESSOR_DEFINITIONS = (
					"DEBUG=1",
					"$(inherited)",
				);
				GCC_SYMBOLS_PRIVATE_EXTERN = NO;
				GCC_WARN_64_TO_32_BIT_CONVERSION = YES;
				GCC_WARN_ABOUT_RETURN_TYPE = YES_ERROR;
				GCC_WARN_UNDECLARED_SELECTOR = YES;
				GCC_WARN_UNINITIALIZED_AUTOS = YES_AGGRESSIVE;
				GCC_WARN_UNUSED_FUNCTION = YES;
				GCC_WARN_UNUSED_VARIABLE = YES;
				IPHONEOS_DEPLOYMENT_TARGET = 7.1;
				ONLY_ACTIVE_ARCH = YES;
				SDKROOT = iphoneos;
			};
			name = Debug;
		};
		01B2385219A7778C00A5DE72 /* Release */ = {
			isa = XCBuildConfiguration;
			buildSettings = {
				ALWAYS_SEARCH_USER_PATHS = NO;
				CLANG_CXX_LANGUAGE_STANDARD = "gnu++0x";
				CLANG_CXX_LIBRARY = "libc++";
				CLANG_ENABLE_MODULES = YES;
				CLANG_ENABLE_OBJC_ARC = YES;
				CLANG_WARN_BOOL_CONVERSION = YES;
				CLANG_WARN_CONSTANT_CONVERSION = YES;
				CLANG_WARN_DIRECT_OBJC_ISA_USAGE = YES_ERROR;
				CLANG_WARN_EMPTY_BODY = YES;
				CLANG_WARN_ENUM_CONVERSION = YES;
				CLANG_WARN_INT_CONVERSION = YES;
				CLANG_WARN_OBJC_ROOT_CLASS = YES_ERROR;
				CLANG_WARN__DUPLICATE_METHOD_MATCH = YES;
				"CODE_SIGN_IDENTITY[sdk=iphoneos*]" = "iPhone Developer";
				COPY_PHASE_STRIP = YES;
				ENABLE_NS_ASSERTIONS = NO;
				GCC_C_LANGUAGE_STANDARD = gnu99;
				GCC_WARN_64_TO_32_BIT_CONVERSION = YES;
				GCC_WARN_ABOUT_RETURN_TYPE = YES_ERROR;
				GCC_WARN_UNDECLARED_SELECTOR = YES;
				GCC_WARN_UNINITIALIZED_AUTOS = YES_AGGRESSIVE;
				GCC_WARN_UNUSED_FUNCTION = YES;
				GCC_WARN_UNUSED_VARIABLE = YES;
				IPHONEOS_DEPLOYMENT_TARGET = 7.1;
				SDKROOT = iphoneos;
				VALIDATE_PRODUCT = YES;
			};
			name = Release;
		};
		01B2385419A7778C00A5DE72 /* Debug */ = {
			isa = XCBuildConfiguration;
			buildSettings = {
				ASSETCATALOG_COMPILER_APPICON_NAME = AppIcon;
				ASSETCATALOG_COMPILER_LAUNCHIMAGE_NAME = LaunchImage;
				GCC_PRECOMPILE_PREFIX_HEADER = YES;
				GCC_PREFIX_HEADER = "Sleek Play/Supporting Files/Sleek Play-Prefix.pch";
				INFOPLIST_FILE = "Sleek Play/Supporting Files/Sleek Play-Info.plist";
				PRODUCT_NAME = "$(TARGET_NAME)";
				WRAPPER_EXTENSION = app;
			};
			name = Debug;
		};
		01B2385519A7778C00A5DE72 /* Release */ = {
			isa = XCBuildConfiguration;
			buildSettings = {
				ASSETCATALOG_COMPILER_APPICON_NAME = AppIcon;
				ASSETCATALOG_COMPILER_LAUNCHIMAGE_NAME = LaunchImage;
				GCC_PRECOMPILE_PREFIX_HEADER = YES;
				GCC_PREFIX_HEADER = "Sleek Play/Supporting Files/Sleek Play-Prefix.pch";
				INFOPLIST_FILE = "Sleek Play/Supporting Files/Sleek Play-Info.plist";
				PRODUCT_NAME = "$(TARGET_NAME)";
				WRAPPER_EXTENSION = app;
			};
			name = Release;
		};
		01B2385719A7778C00A5DE72 /* Debug */ = {
			isa = XCBuildConfiguration;
			buildSettings = {
				BUNDLE_LOADER = "$(BUILT_PRODUCTS_DIR)/Sleek Play.app/Sleek Play";
				FRAMEWORK_SEARCH_PATHS = (
					"$(SDKROOT)/Developer/Library/Frameworks",
					"$(inherited)",
					"$(DEVELOPER_FRAMEWORKS_DIR)",
				);
				GCC_PRECOMPILE_PREFIX_HEADER = YES;
				GCC_PREFIX_HEADER = "Sleek Play/Supporting Files/Sleek Play-Prefix.pch";
				GCC_PREPROCESSOR_DEFINITIONS = (
					"DEBUG=1",
					"$(inherited)",
				);
				INFOPLIST_FILE = "Sleek PlayTests/Supporting Files/Sleek PlayTests-Info.plist";
				PRODUCT_NAME = "$(TARGET_NAME)";
				TEST_HOST = "$(BUNDLE_LOADER)";
				WRAPPER_EXTENSION = xctest;
			};
			name = Debug;
		};
		01B2385819A7778C00A5DE72 /* Release */ = {
			isa = XCBuildConfiguration;
			buildSettings = {
				BUNDLE_LOADER = "$(BUILT_PRODUCTS_DIR)/Sleek Play.app/Sleek Play";
				FRAMEWORK_SEARCH_PATHS = (
					"$(SDKROOT)/Developer/Library/Frameworks",
					"$(inherited)",
					"$(DEVELOPER_FRAMEWORKS_DIR)",
				);
				GCC_PRECOMPILE_PREFIX_HEADER = YES;
				GCC_PREFIX_HEADER = "Sleek Play/Supporting Files/Sleek Play-Prefix.pch";
				INFOPLIST_FILE = "Sleek PlayTests/Supporting Files/Sleek PlayTests-Info.plist";
				PRODUCT_NAME = "$(TARGET_NAME)";
				TEST_HOST = "$(BUNDLE_LOADER)";
				WRAPPER_EXTENSION = xctest;
			};
			name = Release;
		};
/* End XCBuildConfiguration section */

/* Begin XCConfigurationList section */
		01B2382219A7778B00A5DE72 /* Build configuration list for PBXProject "Sleek Play" */ = {
			isa = XCConfigurationList;
			buildConfigurations = (
				01B2385119A7778C00A5DE72 /* Debug */,
				01B2385219A7778C00A5DE72 /* Release */,
			);
			defaultConfigurationIsVisible = 0;
			defaultConfigurationName = Release;
		};
		01B2385319A7778C00A5DE72 /* Build configuration list for PBXNativeTarget "Sleek Play" */ = {
			isa = XCConfigurationList;
			buildConfigurations = (
				01B2385419A7778C00A5DE72 /* Debug */,
				01B2385519A7778C00A5DE72 /* Release */,
			);
			defaultConfigurationIsVisible = 0;
			defaultConfigurationName = Release;
		};
		01B2385619A7778C00A5DE72 /* Build configuration list for PBXNativeTarget "Sleek PlayTests" */ = {
			isa = XCConfigurationList;
			buildConfigurations = (
				01B2385719A7778C00A5DE72 /* Debug */,
				01B2385819A7778C00A5DE72 /* Release */,
			);
			defaultConfigurationIsVisible = 0;
			defaultConfigurationName = Release;
		};
/* End XCConfigurationList section */
	};
	rootObject = 01B2381F19A7778B00A5DE72 /* Project object */;
}
